{
  "name": "cart-racing",
  "version": "0.0.1",
  "lockfileVersion": 2,
  "requires": true,
  "packages": {
    "": {
      "name": "cart-racing",
      "version": "0.0.1",
      "dependencies": {
        "br-mousetrap": "~1.1.3",
        "eventedloop": "~1.0.1",
        "hammerjs": "git://github.com/EightMedia/hammer.js"
      },
      "devDependencies": {
        "mocha": "1.8.x",
        "should": "1.2.x",
        "sugar": "1.3.x"
      }
    },
    "node_modules/br-mousetrap": {
      "version": "1.1.3",
      "resolved": "https://registry.npmjs.org/br-mousetrap/-/br-mousetrap-1.1.3.tgz",
      "integrity": "sha512-M0Zdmh+BrectJohGEMeUPhOWQI2/gueofHKZZ4qXRM4L+CfX+f48E8TSltdgIZgm9m7V3/hB0BBKuMMHVrNl4g=="
    },
    "node_modules/commander": {
      "version": "0.6.1",
      "resolved": "https://registry.npmjs.org/commander/-/commander-0.6.1.tgz",
      "integrity": "sha1-+mihT2qUXVTbvlDYzbMyDp47GgY=",
      "dev": true,
      "engines": {
        "node": ">= 0.4.x"
      }
    },
    "node_modules/debug": {
      "version": "4.3.4",
      "resolved": "https://registry.npmjs.org/debug/-/debug-4.3.4.tgz",
      "integrity": "sha512-PRWFHuSU3eDtQJPvnNY7Jcket1j0t5OuOsFzPPzsekD52Zl8qUfFIPEiswXqIvHWGVHOgX+7G/vCNNhehwxfkQ==",
      "dev": true,
      "dependencies": {
        "ms": "2.1.2"
      },
      "engines": {
        "node": ">=6.0"
      },
      "peerDependenciesMeta": {
        "supports-color": {
          "optional": true
        }
      }
    },
    "node_modules/debug/node_modules/ms": {
      "version": "2.1.2",
      "resolved": "https://registry.npmjs.org/ms/-/ms-2.1.2.tgz",
      "integrity": "sha512-sGkPx+VjMtmA6MX27oA4FBFELFCZZ4S4XqeGOXCv68tT+jb3vk/RyaKWP0PTKyWtmLSM0b+adUTEvbs1PEaH2w==",
      "dev": true
    },
    "node_modules/diff": {
      "version": "1.0.2",
      "resolved": "https://registry.npmjs.org/diff/-/diff-1.0.2.tgz",
      "integrity": "sha1-Suc/Gu6Nb89ITxoc53zmUdm38Mk=",
      "dev": true,
      "engines": {
        "node": ">=0.3.1"
      }
    },
    "node_modules/eventedloop": {
      "version": "1.0.1",
      "resolved": "https://registry.npmjs.org/eventedloop/-/eventedloop-1.0.1.tgz",
      "integrity": "sha1-xx6oLj7Uvq+rvOcZQKgEjk9ioYU=",
      "dependencies": {
        "underscore": "~1.6.0"
      }
    },
    "node_modules/growl": {
      "version": "1.7.0",
      "resolved": "https://registry.npmjs.org/growl/-/growl-1.7.0.tgz",
      "integrity": "sha1-3i1mE20ALhErpw8/EMMc98NQsto=",
      "dev": true
    },
    "node_modules/hammerjs": {
      "version": "2.0.8",
      "resolved": "git+ssh://git@github.com/EightMedia/hammer.js.git#ff687ea0daa3c806b9accd2ecb1a46165ea3c00a",
      "license": "MIT",
      "engines": {
        "node": ">=0.8.0"
      }
    },
    "node_modules/jade": {
      "version": "0.26.3",
      "resolved": "https://registry.npmjs.org/jade/-/jade-0.26.3.tgz",
      "integrity": "sha1-jxDXl32NefL2/4YqgbBRPMslaGw=",
      "deprecated": "Jade has been renamed to pug, please install the latest version of pug instead of jade",
      "dev": true,
      "dependencies": {
        "commander": "0.6.1",
        "mkdirp": "0.3.0"
      },
      "bin": {
        "jade": "bin/jade"
      }
    },
    "node_modules/jade/node_modules/mkdirp": {
      "version": "0.3.0",
      "resolved": "https://registry.npmjs.org/mkdirp/-/mkdirp-0.3.0.tgz",
      "integrity": "sha1-G79asbqCevI1dRQ0kEJkVfSB/h4=",
      "deprecated": "Legacy versions of mkdirp are no longer supported. Please update to mkdirp 1.x. (Note that the API surface has changed to use Promises in 1.x.)",
      "dev": true,
      "engines": {
        "node": "*"
      }
    },
    "node_modules/mkdirp": {
      "version": "0.3.3",
      "resolved": "https://registry.npmjs.org/mkdirp/-/mkdirp-0.3.3.tgz",
      "integrity": "sha1-WV4lHBNww6aLqyE20ONIuBBa3xM=",
      "deprecated": "Legacy versions of mkdirp are no longer supported. Please update to mkdirp 1.x. (Note that the API surface has changed to use Promises in 1.x.)",
      "dev": true,
      "engines": {
        "node": "*"
      }
    },
    "node_modules/mocha": {
      "version": "1.8.2",
      "resolved": "https://registry.npmjs.org/mocha/-/mocha-1.8.2.tgz",
      "integrity": "sha1-+2sdB9mPLrpBhUaETDvgcx9145A=",
      "deprecated": "Mocha v1.x is no longer supported.",
      "dev": true,
      "dependencies": {
        "commander": "0.6.1",
        "debug": "*",
        "diff": "1.0.2",
        "growl": "1.7.x",
        "jade": "0.26.3",
        "mkdirp": "0.3.3",
        "ms": "0.3.0"
      },
      "bin": {
        "_mocha": "bin/_mocha",
        "mocha": "bin/mocha"
      },
      "engines": {
        "node": ">= 0.4.x"
      }
    },
    "node_modules/ms": {
      "version": "0.3.0",
      "resolved": "https://registry.npmjs.org/ms/-/ms-0.3.0.tgz",
      "integrity": "sha1-A+3DSNYT5mpWSGz9rFO8vomcvWE=",
      "dev": true
    },
    "node_modules/should": {
      "version": "1.2.2",
      "resolved": "https://registry.npmjs.org/should/-/should-1.2.2.tgz",
      "integrity": "sha1-DwP3dQZtnqJjJpDJF7EoJPzB1YI=",
      "dev": true,
      "engines": {
        "node": ">= 0.2.0"
      }
    },
    "node_modules/sugar": {
      "version": "1.3.9",
      "resolved": "https://registry.npmjs.org/sugar/-/sugar-1.3.9.tgz",
      "integrity": "sha1-+HnGyHchJStR/QtlIEEtmNg8sXk=",
      "dev": true,
      "engines": {
        "node": ">= 0.4.0"
      }
    },
    "node_modules/underscore": {
      "version": "1.6.0",
      "resolved": "https://registry.npmjs.org/underscore/-/underscore-1.6.0.tgz",
      "integrity": "sha1-izixDKze9jM3uLJOT/htRa6lKag="
    }
  },
  "dependencies": {
    "br-mousetrap": {
      "version": "1.1.3",
      "resolved": "https://registry.npmjs.org/br-mousetrap/-/br-mousetrap-1.1.3.tgz",
      "integrity": "sha512-M0Zdmh+BrectJohGEMeUPhOWQI2/gueofHKZZ4qXRM4L+CfX+f48E8TSltdgIZgm9m7V3/hB0BBKuMMHVrNl4g=="
    },
    "commander": {
      "version": "0.6.1",
      "resolved": "https://registry.npmjs.org/commander/-/commander-0.6.1.tgz",
      "integrity": "sha1-+mihT2qUXVTbvlDYzbMyDp47GgY=",
      "dev": true
    },
    "debug": {
      "version": "4.3.4",
      "resolved": "https://registry.npmjs.org/debug/-/debug-4.3.4.tgz",
      "integrity": "sha512-PRWFHuSU3eDtQJPvnNY7Jcket1j0t5OuOsFzPPzsekD52Zl8qUfFIPEiswXqIvHWGVHOgX+7G/vCNNhehwxfkQ==",
      "dev": true,
      "requires": {
        "ms": "2.1.2"
      },
      "dependencies": {
        "ms": {
          "version": "2.1.2",
          "resolved": "https://registry.npmjs.org/ms/-/ms-2.1.2.tgz",
          "integrity": "sha512-sGkPx+VjMtmA6MX27oA4FBFELFCZZ4S4XqeGOXCv68tT+jb3vk/RyaKWP0PTKyWtmLSM0b+adUTEvbs1PEaH2w==",
          "dev": true
        }
      }
    },
    "diff": {
      "version": "1.0.2",
      "resolved": "https://registry.npmjs.org/diff/-/diff-1.0.2.tgz",
      "integrity": "sha1-Suc/Gu6Nb89ITxoc53zmUdm38Mk=",
      "dev": true
    },
    "eventedloop": {
      "version": "1.0.1",
      "resolved": "https://registry.npmjs.org/eventedloop/-/eventedloop-1.0.1.tgz",
      "integrity": "sha1-xx6oLj7Uvq+rvOcZQKgEjk9ioYU=",
      "requires": {
        "underscore": "~1.6.0"
      }
    },
    "growl": {
      "version": "1.7.0",
      "resolved": "https://registry.npmjs.org/growl/-/growl-1.7.0.tgz",
      "integrity": "sha1-3i1mE20ALhErpw8/EMMc98NQsto=",
      "dev": true
    },
    "hammerjs": {
      "version": "git+ssh://git@github.com/EightMedia/hammer.js.git#ff687ea0daa3c806b9accd2ecb1a46165ea3c00a",
      "from": "hammerjs@git://github.com/EightMedia/hammer.js"
    },
    "jade": {
      "version": "0.26.3",
      "resolved": "https://registry.npmjs.org/jade/-/jade-0.26.3.tgz",
      "integrity": "sha1-jxDXl32NefL2/4YqgbBRPMslaGw=",
      "dev": true,
      "requires": {
        "commander": "0.6.1",
        "mkdirp": "0.3.0"
      },
      "dependencies": {
        "mkdirp": {
          "version": "0.3.0",
          "resolved": "https://registry.npmjs.org/mkdirp/-/mkdirp-0.3.0.tgz",
          "integrity": "sha1-G79asbqCevI1dRQ0kEJkVfSB/h4=",
          "dev": true
        }
      }
    },
    "mkdirp": {
      "version": "0.3.3",
      "resolved": "https://registry.npmjs.org/mkdirp/-/mkdirp-0.3.3.tgz",
      "integrity": "sha1-WV4lHBNww6aLqyE20ONIuBBa3xM=",
      "dev": true
    },
    "mocha": {
      "version": "1.8.2",
      "resolved": "https://registry.npmjs.org/mocha/-/mocha-1.8.2.tgz",
      "integrity": "sha1-+2sdB9mPLrpBhUaETDvgcx9145A=",
      "dev": true,
      "requires": {
        "commander": "0.6.1",
        "debug": "*",
        "diff": "1.0.2",
        "growl": "1.7.x",
        "jade": "0.26.3",
        "mkdirp": "0.3.3",
        "ms": "0.3.0"
      }
    },
    "ms": {
      "version": "0.3.0",
      "resolved": "https://registry.npmjs.org/ms/-/ms-0.3.0.tgz",
      "integrity": "sha1-A+3DSNYT5mpWSGz9rFO8vomcvWE=",
      "dev": true
    },
    "should": {
      "version": "1.2.2",
      "resolved": "https://registry.npmjs.org/should/-/should-1.2.2.tgz",
      "integrity": "sha1-DwP3dQZtnqJjJpDJF7EoJPzB1YI=",
      "dev": true
    },
    "sugar": {
      "version": "1.3.9",
      "resolved": "https://registry.npmjs.org/sugar/-/sugar-1.3.9.tgz",
      "integrity": "sha1-+HnGyHchJStR/QtlIEEtmNg8sXk=",
      "dev": true
    },
    "underscore": {
      "version": "1.6.0",
      "resolved": "https://registry.npmjs.org/underscore/-/underscore-1.6.0.tgz",
      "integrity": "sha1-izixDKze9jM3uLJOT/htRa6lKag="
    }
  }
}
